<?xml version="1.0" encoding="utf-8"?>
<Project ToolsVersion="4.0" xmlns="http://schemas.microsoft.com/developer/msbuild/2003">
  <ItemGroup>
    <Filter Include="源文件">
      <UniqueIdentifier>{4FC737F1-C7A5-4376-A066-2A32D752A2FF}</UniqueIdentifier>
      <Extensions>cpp;c;cc;cxx;def;odl;idl;hpj;bat;asm;asmx</Extensions>
    </Filter>
    <Filter Include="头文件">
      <UniqueIdentifier>{93995380-89BD-4b04-88EB-625FBE52EBFB}</UniqueIdentifier>
      <Extensions>h;hh;hpp;hxx;hm;inl;inc;ipp;xsd</Extensions>
    </Filter>
    <Filter Include="资源文件">
      <UniqueIdentifier>{67DA6AB6-F800-4c08-8B7A-83BB121AAD01}</UniqueIdentifier>
      <Extensions>rc;ico;cur;bmp;dlg;rc2;rct;bin;rgs;gif;jpg;jpeg;jpe;resx;tiff;tif;png;wav;mfcribbon-ms</Extensions>
    </Filter>
  </ItemGroup>
  <ItemGroup>
    <ClCompile Include="..\..\src\Buffer.cc">
      <Filter>源文件</Filter>
    </ClCompile>
    <ClCompile Include="..\..\src\Channel.cc">
      <Filter>源文件</Filter>
    </ClCompile>
    <ClCompile Include="..\..\src\EventLoopThreadPool.cc">
      <Filter>源文件</Filter>
    </ClCompile>
    <ClCompile Include="..\..\src\InetAddress.cc">
      <Filter>源文件</Filter>
    </ClCompile>
    <ClCompile Include="..\..\src\IOEventLoop.cc">
      <Filter>源文件</Filter>
    </ClCompile>
    <ClCompile Include="..\..\src\IPooler.cc">
      <Filter>源文件</Filter>
    </ClCompile>
    <ClCompile Include="..\..\src\LogWriter.cpp">
      <Filter>源文件</Filter>
    </ClCompile>
    <ClCompile Include="..\..\src\PollerFactory.cc">
      <Filter>源文件</Filter>
    </ClCompile>
    <ClCompile Include="..\..\src\SelectPoller.cc">
      <Filter>源文件</Filter>
    </ClCompile>
    <ClCompile Include="..\..\src\Socket.cc">
      <Filter>源文件</Filter>
    </ClCompile>
    <ClCompile Include="..\..\src\TcpConnection.cc">
      <Filter>源文件</Filter>
    </ClCompile>
    <ClCompile Include="..\..\src\windows\SocketsApiWin.cc">
      <Filter>源文件</Filter>
    </ClCompile>
    <ClCompile Include="..\..\samples\HttpClient.cc">
      <Filter>源文件</Filter>
    </ClCompile>
    <ClCompile Include="..\..\samples\Detail.cc">
      <Filter>源文件</Filter>
    </ClCompile>
    <ClCompile Include="..\..\samples\http_parser.c">
      <Filter>源文件</Filter>
    </ClCompile>
    <ClCompile Include="..\..\src\log4z.cpp">
      <Filter>源文件</Filter>
    </ClCompile>
    <ClCompile Include="..\..\src\TimerHeap.cpp">
      <Filter>源文件</Filter>
    </ClCompile>
    <ClCompile Include="..\..\src\SocketSSL.cpp">
      <Filter>源文件</Filter>
    </ClCompile>
    <ClCompile Include="..\..\src\windows\BioIocp.cc">
      <Filter>源文件</Filter>
    </ClCompile>
    <ClCompile Include="..\..\src\windows\IocpPoller.cc">
      <Filter>源文件</Filter>
    </ClCompile>
    <ClCompile Include="..\..\src\windows\SocketIocp.cpp">
      <Filter>源文件</Filter>
    </ClCompile>
    <ClCompile Include="..\..\src\windows\SocketSSLIocp.cpp">
      <Filter>源文件</Filter>
    </ClCompile>
    <ClCompile Include="..\..\src\windows\TcpConnectionIocp.cc">
      <Filter>源文件</Filter>
    </ClCompile>
    <ClCompile Include="..\..\test\testClientSpeedPipeLine.cpp">
      <Filter>源文件</Filter>
    </ClCompile>
  </ItemGroup>
  <ItemGroup>
    <ClInclude Include="..\..\include\Buffer.h">
      <Filter>头文件</Filter>
    </ClInclude>
    <ClInclude Include="..\..\include\Callbacks.h">
      <Filter>头文件</Filter>
    </ClInclude>
    <ClInclude Include="..\..\include\Channel.h">
      <Filter>头文件</Filter>
    </ClInclude>
    <ClInclude Include="..\..\include\CharVector.h">
      <Filter>头文件</Filter>
    </ClInclude>
    <ClInclude Include="..\..\include\CommonHeader.h">
      <Filter>头文件</Filter>
    </ClInclude>
    <ClInclude Include="..\..\include\CommonLog.h">
      <Filter>头文件</Filter>
    </ClInclude>
    <ClInclude Include="..\..\include\CounterLatch.h">
      <Filter>头文件</Filter>
    </ClInclude>
    <ClInclude Include="..\..\include\EventLoopThreadPool.h">
      <Filter>头文件</Filter>
    </ClInclude>
    <ClInclude Include="..\..\include\InetAddress.h">
      <Filter>头文件</Filter>
    </ClInclude>
    <ClInclude Include="..\..\include\IOEventLoop.h">
      <Filter>头文件</Filter>
    </ClInclude>
    <ClInclude Include="..\..\include\IPoller.h">
      <Filter>头文件</Filter>
    </ClInclude>
    <ClInclude Include="..\..\include\log4wraper.h">
      <Filter>头文件</Filter>
    </ClInclude>
    <ClInclude Include="..\..\include\LogWriter.h">
      <Filter>头文件</Filter>
    </ClInclude>
    <ClInclude Include="..\..\include\noncopyable.h">
      <Filter>头文件</Filter>
    </ClInclude>
    <ClInclude Include="..\..\include\pollerfactory.h">
      <Filter>头文件</Filter>
    </ClInclude>
    <ClInclude Include="..\..\include\SelectPoller.h">
      <Filter>头文件</Filter>
    </ClInclude>
    <ClInclude Include="..\..\include\Socket.h">
      <Filter>头文件</Filter>
    </ClInclude>
    <ClInclude Include="..\..\include\SocketsApi.h">
      <Filter>头文件</Filter>
    </ClInclude>
    <ClInclude Include="..\..\include\StringPiece.h">
      <Filter>头文件</Filter>
    </ClInclude>
    <ClInclude Include="..\..\include\TcpConnection.h">
      <Filter>头文件</Filter>
    </ClInclude>
    <ClInclude Include="..\..\include\windows\SocketInit.h">
      <Filter>头文件</Filter>
    </ClInclude>
    <ClInclude Include="..\..\include\windows\Endian.h">
      <Filter>头文件</Filter>
    </ClInclude>
    <ClInclude Include="..\..\samples\HttpClient.h">
      <Filter>头文件</Filter>
    </ClInclude>
    <ClInclude Include="..\..\samples\Detail.h">
      <Filter>头文件</Filter>
    </ClInclude>
    <ClInclude Include="..\..\include\MyTimer.h">
      <Filter>头文件</Filter>
    </ClInclude>
    <ClInclude Include="..\..\samples\http_parser.h">
      <Filter>头文件</Filter>
    </ClInclude>
    <ClInclude Include="..\..\include\log4z.h">
      <Filter>头文件</Filter>
    </ClInclude>
    <ClInclude Include="..\..\include\log4zwraper.h">
      <Filter>头文件</Filter>
    </ClInclude>
    <ClInclude Include="..\..\include\Util.h">
      <Filter>头文件</Filter>
    </ClInclude>
    <ClInclude Include="..\..\include\TimerHeap.h">
      <Filter>头文件</Filter>
    </ClInclude>
    <ClInclude Include="..\..\include\SocketSSL.h">
      <Filter>头文件</Filter>
    </ClInclude>
    <ClInclude Include="..\..\include\windows\BioIocp.h">
      <Filter>头文件</Filter>
    </ClInclude>
    <ClInclude Include="..\..\include\windows\IocpPoller.h">
      <Filter>头文件</Filter>
    </ClInclude>
    <ClInclude Include="..\..\include\windows\SocketSSLIocp.h">
      <Filter>头文件</Filter>
    </ClInclude>
    <ClInclude Include="..\..\include\windows\SocketIocp.h">
      <Filter>头文件</Filter>
    </ClInclude>
    <ClInclude Include="..\..\include\windows\IocpContex.h">
      <Filter>头文件</Filter>
    </ClInclude>
    <ClInclude Include="..\..\include\windows\TcpConnectionIocp.h">
      <Filter>头文件</Filter>
    </ClInclude>
  </ItemGroup>
</Project>